
Microsoft Visual Studio Solution File, Format Version 12.00
# Visual Studio Version 17
VisualStudioVersion = 17.11.35312.102
MinimumVisualStudioVersion = 10.0.40219.1
Project("{2150E333-8FDC-42A3-9474-1A3956D46DE8}") = "Presentation", "Presentation", "{AFF82241-2345-40BC-9914-68B90277C5BA}"
EndProject
Project("{9A19103F-16F7-4668-BE54-9A1E7A4F7556}") = "FinancialHub.Dashboards.Api", "src\FinancialHub.Dashboards.Api\FinancialHub.Dashboards.Api.csproj", "{D0E4A847-876B-4F1A-97E1-21D8269C0C4E}"
EndProject
Project("{9A19103F-16F7-4668-BE54-9A1E7A4F7556}") = "FinancialHub.Dashboards.Domain", "src\FinancialHub.Dashboards.Domain\FinancialHub.Dashboards.Domain.csproj", "{82B754B3-C569-4DCC-AB01-242BBA85C2DA}"
EndProject
Project("{9A19103F-16F7-4668-BE54-9A1E7A4F7556}") = "FinancialHub.Dashboards.Infra.Data", "src\FinancialHub.Dashboards.Infra.Data\FinancialHub.Dashboards.Infra.Data.csproj", "{C6B95723-F16D-4E8F-86F1-F977E6B9A142}"
EndProject
Project("{9A19103F-16F7-4668-BE54-9A1E7A4F7556}") = "FinancialHub.Dashboards.CrossCutting", "src\FinancialHub.Dashboards.CrossCutting\FinancialHub.Dashboards.CrossCutting.csproj", "{D0064E5D-F64D-47F0-848C-99629A57BDC9}"
EndProject
Project("{2150E333-8FDC-42A3-9474-1A3956D46DE8}") = "Domain", "Domain", "{75D5696E-6562-4F72-B4DA-74FAD4236407}"
EndProject
Project("{2150E333-8FDC-42A3-9474-1A3956D46DE8}") = "Infra", "Infra", "{5FE9FB77-A1C5-4292-8CB7-CE15DBF55AAD}"
EndProject
Project("{2150E333-8FDC-42A3-9474-1A3956D46DE8}") = "CrossCutting", "CrossCutting", "{48CA1308-E3A1-444C-9199-053BDBE91577}"
EndProject
Project("{2150E333-8FDC-42A3-9474-1A3956D46DE8}") = "Application", "Application", "{46F78526-FF2A-4F10-8D46-D4E6767A0CDD}"
EndProject
Project("{FAE04EC0-301F-11D3-BF4B-00C04F79EFBC}") = "FinancialHub.Dashboards.Application", "src\FinancialHub.Dashboards.Application\FinancialHub.Dashboards.Application.csproj", "{6FD6E429-2239-4C0F-AD3F-A02FA7EA7009}"
EndProject
Global
	GlobalSection(SolutionConfigurationPlatforms) = preSolution
		Debug|Any CPU = Debug|Any CPU
		Release|Any CPU = Release|Any CPU
	EndGlobalSection
	GlobalSection(ProjectConfigurationPlatforms) = postSolution
		{D0E4A847-876B-4F1A-97E1-21D8269C0C4E}.Debug|Any CPU.ActiveCfg = Debug|Any CPU
		{D0E4A847-876B-4F1A-97E1-21D8269C0C4E}.Debug|Any CPU.Build.0 = Debug|Any CPU
		{D0E4A847-876B-4F1A-97E1-21D8269C0C4E}.Release|Any CPU.ActiveCfg = Release|Any CPU
		{D0E4A847-876B-4F1A-97E1-21D8269C0C4E}.Release|Any CPU.Build.0 = Release|Any CPU
		{82B754B3-C569-4DCC-AB01-242BBA85C2DA}.Debug|Any CPU.ActiveCfg = Debug|Any CPU
		{82B754B3-C569-4DCC-AB01-242BBA85C2DA}.Debug|Any CPU.Build.0 = Debug|Any CPU
		{82B754B3-C569-4DCC-AB01-242BBA85C2DA}.Release|Any CPU.ActiveCfg = Release|Any CPU
		{82B754B3-C569-4DCC-AB01-242BBA85C2DA}.Release|Any CPU.Build.0 = Release|Any CPU
		{C6B95723-F16D-4E8F-86F1-F977E6B9A142}.Debug|Any CPU.ActiveCfg = Debug|Any CPU
		{C6B95723-F16D-4E8F-86F1-F977E6B9A142}.Debug|Any CPU.Build.0 = Debug|Any CPU
		{C6B95723-F16D-4E8F-86F1-F977E6B9A142}.Release|Any CPU.ActiveCfg = Release|Any CPU
		{C6B95723-F16D-4E8F-86F1-F977E6B9A142}.Release|Any CPU.Build.0 = Release|Any CPU
		{D0064E5D-F64D-47F0-848C-99629A57BDC9}.Debug|Any CPU.ActiveCfg = Debug|Any CPU
		{D0064E5D-F64D-47F0-848C-99629A57BDC9}.Debug|Any CPU.Build.0 = Debug|Any CPU
		{D0064E5D-F64D-47F0-848C-99629A57BDC9}.Release|Any CPU.ActiveCfg = Release|Any CPU
		{D0064E5D-F64D-47F0-848C-99629A57BDC9}.Release|Any CPU.Build.0 = Release|Any CPU
		{6FD6E429-2239-4C0F-AD3F-A02FA7EA7009}.Debug|Any CPU.ActiveCfg = Debug|Any CPU
		{6FD6E429-2239-4C0F-AD3F-A02FA7EA7009}.Debug|Any CPU.Build.0 = Debug|Any CPU
		{6FD6E429-2239-4C0F-AD3F-A02FA7EA7009}.Release|Any CPU.ActiveCfg = Release|Any CPU
		{6FD6E429-2239-4C0F-AD3F-A02FA7EA7009}.Release|Any CPU.Build.0 = Release|Any CPU
	EndGlobalSection
	GlobalSection(SolutionProperties) = preSolution
		HideSolutionNode = FALSE
	EndGlobalSection
	GlobalSection(NestedProjects) = preSolution
		{D0E4A847-876B-4F1A-97E1-21D8269C0C4E} = {AFF82241-2345-40BC-9914-68B90277C5BA}
		{82B754B3-C569-4DCC-AB01-242BBA85C2DA} = {75D5696E-6562-4F72-B4DA-74FAD4236407}
		{C6B95723-F16D-4E8F-86F1-F977E6B9A142} = {5FE9FB77-A1C5-4292-8CB7-CE15DBF55AAD}
		{D0064E5D-F64D-47F0-848C-99629A57BDC9} = {48CA1308-E3A1-444C-9199-053BDBE91577}
		{6FD6E429-2239-4C0F-AD3F-A02FA7EA7009} = {46F78526-FF2A-4F10-8D46-D4E6767A0CDD}
	EndGlobalSection
	GlobalSection(ExtensibilityGlobals) = postSolution
		SolutionGuid = {35C9D5B5-C9A4-4BEE-8070-9704C35363E9}
	EndGlobalSection
EndGlobal
