
Microsoft Visual Studio Solution File, Format Version 12.00
# Visual Studio Version 17
VisualStudioVersion = 17.11.35312.102
MinimumVisualStudioVersion = 10.0.40219.1
Project("{2150E333-8FDC-42A3-9474-1A3956D46DE8}") = "Presentation", "Presentation", "{AFF82241-2345-40BC-9914-68B90277C5BA}"
EndProject
Project("{FAE04EC0-301F-11D3-BF4B-00C04F79EFBC}") = "FinancialHub.Dashboards.Api", "src\FinancialHub.Dashboards.Api\FinancialHub.Dashboards.Api.csproj", "{D0E4A847-876B-4F1A-97E1-21D8269C0C4E}"
EndProject
Global
	GlobalSection(SolutionConfigurationPlatforms) = preSolution
		Debug|Any CPU = Debug|Any CPU
		Release|Any CPU = Release|Any CPU
	EndGlobalSection
	GlobalSection(ProjectConfigurationPlatforms) = postSolution
		{D0E4A847-876B-4F1A-97E1-21D8269C0C4E}.Debug|Any CPU.ActiveCfg = Debug|Any CPU
		{D0E4A847-876B-4F1A-97E1-21D8269C0C4E}.Debug|Any CPU.Build.0 = Debug|Any CPU
		{D0E4A847-876B-4F1A-97E1-21D8269C0C4E}.Release|Any CPU.ActiveCfg = Release|Any CPU
		{D0E4A847-876B-4F1A-97E1-21D8269C0C4E}.Release|Any CPU.Build.0 = Release|Any CPU
	EndGlobalSection
	GlobalSection(SolutionProperties) = preSolution
		HideSolutionNode = FALSE
	EndGlobalSection
	GlobalSection(NestedProjects) = preSolution
		{D0E4A847-876B-4F1A-97E1-21D8269C0C4E} = {AFF82241-2345-40BC-9914-68B90277C5BA}
	EndGlobalSection
	GlobalSection(ExtensibilityGlobals) = postSolution
		SolutionGuid = {35C9D5B5-C9A4-4BEE-8070-9704C35363E9}
	EndGlobalSection
EndGlobal
